<Solution>
  <Folder Name="/.github/">
    <File Path=".github/dependabot.yml" />
  </Folder>
  <Folder Name="/.github/workflows/">
    <File Path=".github/workflows/ci.yml" />
  </Folder>
  <Folder Name="/Root/">
    <File Path=".editorconfig" />
    <File Path=".gitattributes" />
    <File Path=".gitignore" />
    <File Path="README.md" />
    <File Path="RELEASE_NOTES.md" />
  </Folder>
  <Project Path="src/WorldOrdDynVars/WorldOrbDynVars.csproj" />
</Solution>